
Microsoft Visual Studio Solution File, Format Version 12.00
# Visual Studio Version 17
VisualStudioVersion = 17.1.32328.378
MinimumVisualStudioVersion = 10.0.40219.1
Project("{9A19103F-16F7-4668-BE54-9A1E7A4F7556}") = "agenda", "agenda\agenda.csproj", "{CF6564A8-85D0-44AD-879B-1E915D4F2988}"
EndProject
Global
	GlobalSection(SolutionConfigurationPlatforms) = preSolution
		Debug|Any CPU = Debug|Any CPU
		Release|Any CPU = Release|Any CPU
	EndGlobalSection
	GlobalSection(ProjectConfigurationPlatforms) = postSolution
		{CF6564A8-85D0-44AD-879B-1E915D4F2988}.Debug|Any CPU.ActiveCfg = Debug|Any CPU
		{CF6564A8-85D0-44AD-879B-1E915D4F2988}.Debug|Any CPU.Build.0 = Debug|Any CPU
		{CF6564A8-85D0-44AD-879B-1E915D4F2988}.Release|Any CPU.ActiveCfg = Release|Any CPU
		{CF6564A8-85D0-44AD-879B-1E915D4F2988}.Release|Any CPU.Build.0 = Release|Any CPU
	EndGlobalSection
	GlobalSection(SolutionProperties) = preSolution
		HideSolutionNode = FALSE
	EndGlobalSection
	GlobalSection(ExtensibilityGlobals) = postSolution
		SolutionGuid = {7D9BB93F-B02F-4BB7-B190-E2433F06861C}
	EndGlobalSection
EndGlobal
